
Microsoft Visual Studio Solution File, Format Version 12.00
# Visual Studio Version 16
VisualStudioVersion = 16.0.30413.136
MinimumVisualStudioVersion = 10.0.40219.1
Project("{8BC9CEB8-8B4A-11D0-8D11-00A0C91BC942}") = "model-viewer", "model-viewer.vcxproj", "{617F61A0-1AF9-4BC2-B45D-29500B84D938}"
EndProject
Global
	GlobalSection(SolutionConfigurationPlatforms) = preSolution
		Debug|x64 = Debug|x64
		Release|x64 = Release|x64
	EndGlobalSection
	GlobalSection(ProjectConfigurationPlatforms) = postSolution
		{617F61A0-1AF9-4BC2-B45D-29500B84D938}.Debug|x64.ActiveCfg = Debug|x64
		{617F61A0-1AF9-4BC2-B45D-29500B84D938}.Debug|x64.Build.0 = Debug|x64
		{617F61A0-1AF9-4BC2-B45D-29500B84D938}.Release|x64.ActiveCfg = Release|x64
		{617F61A0-1AF9-4BC2-B45D-29500B84D938}.Release|x64.Build.0 = Release|x64
	EndGlobalSection
	GlobalSection(SolutionProperties) = preSolution
		HideSolutionNode = FALSE
	EndGlobalSection
	GlobalSection(ExtensibilityGlobals) = postSolution
		SolutionGuid = {00F613EC-0EF3-45BD-805E-A533C39D2493}
	EndGlobalSection
EndGlobal
